{
	"name": "io.typefox.langium.eclipse",
	"lockfileVersion": 2,
	"requires": true,
	"packages": {
		"": {
			"dependencies": {
				"langium-vscode": "file:target/langium-vscode-1.1.0.tgz"
			}
		},
		"node_modules/@chevrotain/cst-dts-gen": {
			"version": "10.4.2",
			"resolved": "https://registry.npmjs.org/@chevrotain/cst-dts-gen/-/cst-dts-gen-10.4.2.tgz",
			"integrity": "sha512-0+4bNjlndNWMoVLH/+y4uHnf6GrTipsC+YTppJxelVJo+xeRVQ0s2PpkdDCVTsu7efyj+8r1gFiwVXsp6JZ0iQ==",
			"dependencies": {
				"@chevrotain/gast": "10.4.2",
				"@chevrotain/types": "10.4.2",
				"lodash": "4.17.21"
			}
		},
		"node_modules/@chevrotain/gast": {
			"version": "10.4.2",
			"resolved": "https://registry.npmjs.org/@chevrotain/gast/-/gast-10.4.2.tgz",
			"integrity": "sha512-4ZAn8/mjkmYonilSJ60gGj1tAF0cVWYUMlIGA0e4ATAc3a648aCnvpBw7zlPHDQjFp50XC13iyWEgWAKiRKTOA==",
			"dependencies": {
				"@chevrotain/types": "10.4.2",
				"lodash": "4.17.21"
			}
		},
		"node_modules/@chevrotain/types": {
			"version": "10.4.2",
			"resolved": "https://registry.npmjs.org/@chevrotain/types/-/types-10.4.2.tgz",
			"integrity": "sha512-QzSCjg6G4MvIoLeIgOiMR0IgzkGEQqrNJJIr3T5ETRa7l4Av4AMIiEctV99mvDr57iXwwk0/kr3RJxiU36Nevw=="
		},
		"node_modules/@chevrotain/utils": {
			"version": "10.4.2",
			"resolved": "https://registry.npmjs.org/@chevrotain/utils/-/utils-10.4.2.tgz",
			"integrity": "sha512-V34dacxWLwKcvcy32dx96ADJVdB7kOJLm7LyBkBQw5u5HC9WdEFw2G17zml+U3ivavGTrGPJHl8o9/UJm0PlUw=="
		},
		"node_modules/chevrotain": {
			"version": "10.4.2",
			"resolved": "https://registry.npmjs.org/chevrotain/-/chevrotain-10.4.2.tgz",
			"integrity": "sha512-gzF5GxE0Ckti5kZVuKEZycLntB5X2aj9RVY0r4/220GwQjdnljU+/t3kP74/FMWC7IzCDDEjQ9wsFUf0WCdSHg==",
			"dependencies": {
				"@chevrotain/cst-dts-gen": "10.4.2",
				"@chevrotain/gast": "10.4.2",
				"@chevrotain/types": "10.4.2",
				"@chevrotain/utils": "10.4.2",
				"lodash": "4.17.21",
				"regexp-to-ast": "0.5.0"
			}
		},
		"node_modules/chevrotain-allstar": {
			"version": "0.1.7",
			"resolved": "https://registry.npmjs.org/chevrotain-allstar/-/chevrotain-allstar-0.1.7.tgz",
			"integrity": "sha512-oMSHkXVCDQxnj3tDCqcEoMnNIEiYlAYT0FVja1PaLrT3njXGvg5JXTXs/tk2NI42SR3LMJyqTNgjR4VyDIf19w==",
			"dependencies": {
				"lodash": "^4.17.21"
			},
			"peerDependencies": {
				"chevrotain": "~10.4.1"
			}
		},
		"node_modules/ignore": {
			"version": "5.2.4",
			"resolved": "https://registry.npmjs.org/ignore/-/ignore-5.2.4.tgz",
			"integrity": "sha512-MAb38BcSbH0eHNBxn7ql2NH/kX33OkB3lZ1BNdh7ENeRChHTYsTvWrMubiIAMNS2llXEEgZ1MUOBtXChP3kaFQ==",
			"engines": {
				"node": ">= 4"
			}
		},
		"node_modules/langium": {
			"version": "1.1.0",
			"resolved": "https://registry.npmjs.org/langium/-/langium-1.1.0.tgz",
			"integrity": "sha512-TsWY/DIOR73se9/YaMQZpvfFWWrhWP0FQS9MrpxWEnMJR0FoKVpMF1thPWXZexLSfyEm1pn2oYzCdW4KUBqXxA==",
			"dependencies": {
				"chevrotain": "~10.4.2",
				"chevrotain-allstar": "~0.1.4",
				"vscode-languageserver": "~8.0.2",
				"vscode-languageserver-textdocument": "~1.0.8",
				"vscode-uri": "~3.0.7"
			},
			"engines": {
				"node": ">=14.0.0"
			}
		},
		"node_modules/langium-vscode": {
			"version": "1.1.0",
			"resolved": "file:target/langium-vscode-1.1.0.tgz",
			"integrity": "sha512-utMzQ0BlX6P6wWd/7qvpxVqK9m8WoF/AJM87d7BI8VCFA3527TjAYek0g/hGHo6c1hegcxkSV3TaRqquJsZecQ==",
			"license": "MIT",
			"dependencies": {
				"ignore": "~5.2.4",
				"langium": "1.1.0",
				"vscode-languageserver": "~8.0.2"
			},
			"engines": {
				"vscode": "^1.67.0"
			}
		},
		"node_modules/lodash": {
			"version": "4.17.21",
			"resolved": "https://registry.npmjs.org/lodash/-/lodash-4.17.21.tgz",
			"integrity": "sha512-v2kDEe57lecTulaDIuNTPy3Ry4gLGJ6Z1O3vE1krgXZNrsQ+LFTGHVxVjcXPs17LhbZVGedAJv8XZ1tvj5FvSg=="
		},
		"node_modules/regexp-to-ast": {
			"version": "0.5.0",
			"resolved": "https://registry.npmjs.org/regexp-to-ast/-/regexp-to-ast-0.5.0.tgz",
			"integrity": "sha512-tlbJqcMHnPKI9zSrystikWKwHkBqu2a/Sgw01h3zFjvYrMxEDYHzzoMZnUrbIfpTFEsoRnnviOXNCzFiSc54Qw=="
		},
		"node_modules/vscode-jsonrpc": {
			"version": "8.0.2",
			"resolved": "https://registry.npmjs.org/vscode-jsonrpc/-/vscode-jsonrpc-8.0.2.tgz",
			"integrity": "sha512-RY7HwI/ydoC1Wwg4gJ3y6LpU9FJRZAUnTYMXthqhFXXu77ErDd/xkREpGuk4MyYkk4a+XDWAMqe0S3KkelYQEQ==",
			"engines": {
				"node": ">=14.0.0"
			}
		},
		"node_modules/vscode-languageserver": {
			"version": "8.0.2",
			"resolved": "https://registry.npmjs.org/vscode-languageserver/-/vscode-languageserver-8.0.2.tgz",
			"integrity": "sha512-bpEt2ggPxKzsAOZlXmCJ50bV7VrxwCS5BI4+egUmure/oI/t4OlFzi/YNtVvY24A2UDOZAgwFGgnZPwqSJubkA==",
			"dependencies": {
				"vscode-languageserver-protocol": "3.17.2"
			},
			"bin": {
				"installServerIntoExtension": "bin/installServerIntoExtension"
			}
		},
		"node_modules/vscode-languageserver-protocol": {
			"version": "3.17.2",
			"resolved": "https://registry.npmjs.org/vscode-languageserver-protocol/-/vscode-languageserver-protocol-3.17.2.tgz",
			"integrity": "sha512-8kYisQ3z/SQ2kyjlNeQxbkkTNmVFoQCqkmGrzLH6A9ecPlgTbp3wDTnUNqaUxYr4vlAcloxx8zwy7G5WdguYNg==",
			"dependencies": {
				"vscode-jsonrpc": "8.0.2",
				"vscode-languageserver-types": "3.17.2"
			}
		},
		"node_modules/vscode-languageserver-textdocument": {
			"version": "1.0.8",
			"resolved": "https://registry.npmjs.org/vscode-languageserver-textdocument/-/vscode-languageserver-textdocument-1.0.8.tgz",
			"integrity": "sha512-1bonkGqQs5/fxGT5UchTgjGVnfysL0O8v1AYMBjqTbWQTFn721zaPGDYFkOKtfDgFiSgXM3KwaG3FMGfW4Ed9Q=="
		},
		"node_modules/vscode-languageserver-types": {
			"version": "3.17.2",
			"resolved": "https://registry.npmjs.org/vscode-languageserver-types/-/vscode-languageserver-types-3.17.2.tgz",
			"integrity": "sha512-zHhCWatviizPIq9B7Vh9uvrH6x3sK8itC84HkamnBWoDFJtzBf7SWlpLCZUit72b3os45h6RWQNC9xHRDF8dRA=="
		},
		"node_modules/vscode-uri": {
			"version": "3.0.7",
			"resolved": "https://registry.npmjs.org/vscode-uri/-/vscode-uri-3.0.7.tgz",
			"integrity": "sha512-eOpPHogvorZRobNqJGhapa0JdwaxpjVvyBp0QIUMRMSf8ZAlqOdEquKuRmw9Qwu0qXtJIWqFtMkmvJjUZmMjVA=="
		}
	},
	"dependencies": {
		"@chevrotain/cst-dts-gen": {
			"version": "10.4.2",
			"resolved": "https://registry.npmjs.org/@chevrotain/cst-dts-gen/-/cst-dts-gen-10.4.2.tgz",
			"integrity": "sha512-0+4bNjlndNWMoVLH/+y4uHnf6GrTipsC+YTppJxelVJo+xeRVQ0s2PpkdDCVTsu7efyj+8r1gFiwVXsp6JZ0iQ==",
			"requires": {
				"@chevrotain/gast": "10.4.2",
				"@chevrotain/types": "10.4.2",
				"lodash": "4.17.21"
			}
		},
		"@chevrotain/gast": {
			"version": "10.4.2",
			"resolved": "https://registry.npmjs.org/@chevrotain/gast/-/gast-10.4.2.tgz",
			"integrity": "sha512-4ZAn8/mjkmYonilSJ60gGj1tAF0cVWYUMlIGA0e4ATAc3a648aCnvpBw7zlPHDQjFp50XC13iyWEgWAKiRKTOA==",
			"requires": {
				"@chevrotain/types": "10.4.2",
				"lodash": "4.17.21"
			}
		},
		"@chevrotain/types": {
			"version": "10.4.2",
			"resolved": "https://registry.npmjs.org/@chevrotain/types/-/types-10.4.2.tgz",
			"integrity": "sha512-QzSCjg6G4MvIoLeIgOiMR0IgzkGEQqrNJJIr3T5ETRa7l4Av4AMIiEctV99mvDr57iXwwk0/kr3RJxiU36Nevw=="
		},
		"@chevrotain/utils": {
			"version": "10.4.2",
			"resolved": "https://registry.npmjs.org/@chevrotain/utils/-/utils-10.4.2.tgz",
			"integrity": "sha512-V34dacxWLwKcvcy32dx96ADJVdB7kOJLm7LyBkBQw5u5HC9WdEFw2G17zml+U3ivavGTrGPJHl8o9/UJm0PlUw=="
		},
		"chevrotain": {
			"version": "10.4.2",
			"resolved": "https://registry.npmjs.org/chevrotain/-/chevrotain-10.4.2.tgz",
			"integrity": "sha512-gzF5GxE0Ckti5kZVuKEZycLntB5X2aj9RVY0r4/220GwQjdnljU+/t3kP74/FMWC7IzCDDEjQ9wsFUf0WCdSHg==",
			"requires": {
				"@chevrotain/cst-dts-gen": "10.4.2",
				"@chevrotain/gast": "10.4.2",
				"@chevrotain/types": "10.4.2",
				"@chevrotain/utils": "10.4.2",
				"lodash": "4.17.21",
				"regexp-to-ast": "0.5.0"
			}
		},
		"chevrotain-allstar": {
			"version": "0.1.7",
			"resolved": "https://registry.npmjs.org/chevrotain-allstar/-/chevrotain-allstar-0.1.7.tgz",
			"integrity": "sha512-oMSHkXVCDQxnj3tDCqcEoMnNIEiYlAYT0FVja1PaLrT3njXGvg5JXTXs/tk2NI42SR3LMJyqTNgjR4VyDIf19w==",
			"requires": {
				"lodash": "^4.17.21"
			}
		},
		"ignore": {
			"version": "5.2.4",
			"resolved": "https://registry.npmjs.org/ignore/-/ignore-5.2.4.tgz",
			"integrity": "sha512-MAb38BcSbH0eHNBxn7ql2NH/kX33OkB3lZ1BNdh7ENeRChHTYsTvWrMubiIAMNS2llXEEgZ1MUOBtXChP3kaFQ=="
		},
		"langium": {
			"version": "1.1.0",
			"resolved": "https://registry.npmjs.org/langium/-/langium-1.1.0.tgz",
			"integrity": "sha512-TsWY/DIOR73se9/YaMQZpvfFWWrhWP0FQS9MrpxWEnMJR0FoKVpMF1thPWXZexLSfyEm1pn2oYzCdW4KUBqXxA==",
			"requires": {
				"chevrotain": "~10.4.2",
				"chevrotain-allstar": "~0.1.4",
				"vscode-languageserver": "~8.0.2",
				"vscode-languageserver-textdocument": "~1.0.8",
				"vscode-uri": "~3.0.7"
			}
		},
		"langium-vscode": {
			"version": "file:target/langium-vscode-1.1.0.tgz",
			"integrity": "sha512-utMzQ0BlX6P6wWd/7qvpxVqK9m8WoF/AJM87d7BI8VCFA3527TjAYek0g/hGHo6c1hegcxkSV3TaRqquJsZecQ==",
			"requires": {
				"ignore": "~5.2.4",
				"langium": "1.1.0",
				"vscode-languageserver": "~8.0.2"
			}
		},
		"lodash": {
			"version": "4.17.21",
			"resolved": "https://registry.npmjs.org/lodash/-/lodash-4.17.21.tgz",
			"integrity": "sha512-v2kDEe57lecTulaDIuNTPy3Ry4gLGJ6Z1O3vE1krgXZNrsQ+LFTGHVxVjcXPs17LhbZVGedAJv8XZ1tvj5FvSg=="
		},
		"regexp-to-ast": {
			"version": "0.5.0",
			"resolved": "https://registry.npmjs.org/regexp-to-ast/-/regexp-to-ast-0.5.0.tgz",
			"integrity": "sha512-tlbJqcMHnPKI9zSrystikWKwHkBqu2a/Sgw01h3zFjvYrMxEDYHzzoMZnUrbIfpTFEsoRnnviOXNCzFiSc54Qw=="
		},
		"vscode-jsonrpc": {
			"version": "8.0.2",
			"resolved": "https://registry.npmjs.org/vscode-jsonrpc/-/vscode-jsonrpc-8.0.2.tgz",
			"integrity": "sha512-RY7HwI/ydoC1Wwg4gJ3y6LpU9FJRZAUnTYMXthqhFXXu77ErDd/xkREpGuk4MyYkk4a+XDWAMqe0S3KkelYQEQ=="
		},
		"vscode-languageserver": {
			"version": "8.0.2",
			"resolved": "https://registry.npmjs.org/vscode-languageserver/-/vscode-languageserver-8.0.2.tgz",
			"integrity": "sha512-bpEt2ggPxKzsAOZlXmCJ50bV7VrxwCS5BI4+egUmure/oI/t4OlFzi/YNtVvY24A2UDOZAgwFGgnZPwqSJubkA==",
			"requires": {
				"vscode-languageserver-protocol": "3.17.2"
			}
		},
		"vscode-languageserver-protocol": {
			"version": "3.17.2",
			"resolved": "https://registry.npmjs.org/vscode-languageserver-protocol/-/vscode-languageserver-protocol-3.17.2.tgz",
			"integrity": "sha512-8kYisQ3z/SQ2kyjlNeQxbkkTNmVFoQCqkmGrzLH6A9ecPlgTbp3wDTnUNqaUxYr4vlAcloxx8zwy7G5WdguYNg==",
			"requires": {
				"vscode-jsonrpc": "8.0.2",
				"vscode-languageserver-types": "3.17.2"
			}
		},
		"vscode-languageserver-textdocument": {
			"version": "1.0.8",
			"resolved": "https://registry.npmjs.org/vscode-languageserver-textdocument/-/vscode-languageserver-textdocument-1.0.8.tgz",
			"integrity": "sha512-1bonkGqQs5/fxGT5UchTgjGVnfysL0O8v1AYMBjqTbWQTFn721zaPGDYFkOKtfDgFiSgXM3KwaG3FMGfW4Ed9Q=="
		},
		"vscode-languageserver-types": {
			"version": "3.17.2",
			"resolved": "https://registry.npmjs.org/vscode-languageserver-types/-/vscode-languageserver-types-3.17.2.tgz",
			"integrity": "sha512-zHhCWatviizPIq9B7Vh9uvrH6x3sK8itC84HkamnBWoDFJtzBf7SWlpLCZUit72b3os45h6RWQNC9xHRDF8dRA=="
		},
		"vscode-uri": {
			"version": "3.0.7",
			"resolved": "https://registry.npmjs.org/vscode-uri/-/vscode-uri-3.0.7.tgz",
			"integrity": "sha512-eOpPHogvorZRobNqJGhapa0JdwaxpjVvyBp0QIUMRMSf8ZAlqOdEquKuRmw9Qwu0qXtJIWqFtMkmvJjUZmMjVA=="
		}
	}
}
